// !$*UTF8*$!
{
	archiveVersion = 1;
	classes = {
	};
	objectVersion = 46;
	objects = {

/* Begin PBXBuildFile section */
		AEF9D8D42F9F3F6A00113704 /* assoc.c in Sources */ = {isa = PBXBuildFile; fileRef = AEF9D8A42F9F3F6A00113704 /* assoc.c */; };
		AEF9D8D52F9F3F6A00113704 /* assoc.h in Headers */ = {isa = PBXBuildFile; fileRef = AEF9D8A52F9F3F6A00113704 /* assoc.h */; settings = {ATTRIBUTES = (Public, ); }; };
		AEF9D8D62F9F3F6A00113704 /* crypto_core.c in Sources */ = {isa = PBXBuildFile; fileRef = AEF9D8A62F9F3F6A00113704 /* crypto_core.c */; };
		AEF9D8D72F9F3F6A00113704 /* crypto_core.h in Headers */ = {isa = PBXBuildFile; fileRef = AEF9D8A72F9F3F6A00113704 /* crypto_core.h */; settings = {ATTRIBUTES = (Public, ); }; };
		AEF9D8D82F9F3F6A00113704 /* DHT.c in Sources */ = {isa = PBXBuildFile; fileRef = AEF9D8A82F9F3F6A00113704 /* DHT.c */; };
		AEF9D8D92F9F3F6A00113704 /* DHT.h in Headers */ = {isa = PBXBuildFile; fileRef = AEF9D8A92F9F3F6A00113704 /* DHT.h */; settings = {ATTRIBUTES = (Public, ); }; };
		AEF9D8DA2F9F3F6A00113704 /* friend_connection.c in Sources */ = {isa = PBXBuildFile; fileRef = AEF9D8AA2F9F3F6A00113704 /* friend_connection.c */; };
		AEF9D8DB2F9F3F6A00113704 /* friend_connection.h in Headers */ = {isa = PBXBuildFile; fileRef = AEF9D8AB2F9F3F6A00113704 /* friend_connection.h */; settings = {ATTRIBUTES = (Public, ); }; };
		AEF9D8DC2F9F3F6A00113704 /* friend_requests.c in Sources */ = {isa = PBXBuildFile; fileRef = AEF9D8AC2F9F3F6A00113704 /* friend_requests.c */; };
		AEF9D8DD2F9F3F6A00113704 /* friend_requests.h in Headers */ = {isa = PBXBuildFile; fileRef = AEF9D8AD2F9F3F6A00113704 /* friend_requests.h */; settings = {ATTRIBUTES = (Public, ); }; };
		AEF9D8DE2F9F3F6A00113704 /* group.c in Sources */ = {isa = PBXBuildFile; fileRef = AEF9D8AE2F9F3F6A00113704 /* group.c */; };
		AEF9D8DF2F9F3F6A00113704 /* group.h in Headers */ = {isa = PBXBuildFile; fileRef = AEF9D8AF2F9F3F6A00113704 /* group.h */; settings = {ATTRIBUTES = (Public, ); }; };
		AEF9D8E02F9F3F6A00113704 /* LAN_discovery.c in Sources */ = {isa = PBXBuildFile; fileRef = AEF9D8B02F9F3F6A00113704 /* LAN_discovery.c */; };
		AEF9D8E12F9F3F6A00113704 /* LAN_discovery.h in Headers */ = {isa = PBXBuildFile; fileRef = AEF9D8B12F9F3F6A00113704 /* LAN_discovery.h */; settings = {ATTRIBUTES = (Public, ); }; };
		AEF9D8E22F9F3F6A00113704 /* list.c in Sources */ = {isa = PBXBuildFile; fileRef = AEF9D8B22F9F3F6A00113704 /* list.c */; };
		AEF9D8E32F9F3F6A00113704 /* list.h in Headers */ = {isa = PBXBuildFile; fileRef = AEF9D8B32F9F3F6A00113704 /* list.h */; settings = {ATTRIBUTES = (Public, ); }; };
		AEF9D8E42F9F3F6A00113704 /* logger.c in Sources */ = {isa = PBXBuildFile; fileRef = AEF9D8B42F9F3F6A00113704 /* logger.c */; };
		AEF9D8E52F9F3F6A00113704 /* logger.h in Headers */ = {isa = PBXBuildFile; fileRef = AEF9D8B52F9F3F6A00113704 /* logger.h */; settings = {ATTRIBUTES = (Public, ); }; };
		AEF9D8E72F9F3F6A00113704 /* Messenger.c in Sources */ = {isa = PBXBuildFile; fileRef = AEF9D8B72F9F3F6A00113704 /* Messenger.c */; };
		AEF9D8E82F9F3F6A00113704 /* Messenger.h in Headers */ = {isa = PBXBuildFile; fileRef = AEF9D8B82F9F3F6A00113704 /* Messenger.h */; settings = {ATTRIBUTES = (Public, ); }; };
		AEF9D8E92F9F3F6A00113704 /* misc_tools.h in Headers */ = {isa = PBXBuildFile; fileRef = AEF9D8B92F9F3F6A00113704 /* misc_tools.h */; settings = {ATTRIBUTES = (Public, ); }; };
		AEF9D8EA2F9F3F6A00113704 /* net_crypto.c in Sources */ = {isa = PBXBuildFile; fileRef = AEF9D8BA2F9F3F6A00113704 /* net_crypto.c */; };
		AEF9D8EB2F9F3F6A00113704 /* net_crypto.h in Headers */ = {isa = PBXBuildFile; fileRef = AEF9D8BB2F9F3F6A00113704 /* net_crypto.h */; settings = {ATTRIBUTES = (Public, ); }; };
		AEF9D8EC2F9F3F6A00113704 /* network.c in Sources */ = {isa = PBXBuildFile; fileRef = AEF9D8BC2F9F3F6A00113704 /* network.c */; };
		AEF9D8ED2F9F3F6A00113704 /* network.h in Headers */ = {isa = PBXBuildFile; fileRef = AEF9D8BD2F9F3F6A00113704 /* network.h */; settings = {ATTRIBUTES = (Public, ); }; };
		AEF9D8EE2F9F3F6A00113704 /* onion_announce.c in Sources */ = {isa = PBXBuildFile; fileRef = AEF9D8BE2F9F3F6A00113704 /* onion_announce.c */; };
		AEF9D8EF2F9F3F6A00113704 /* onion_announce.h in Headers */ = {isa = PBXBuildFile; fileRef = AEF9D8BF2F9F3F6A00113704 /* onion_announce.h */; settings = {ATTRIBUTES = (Public, ); }; };
		AEF9D8F02F9F3F6A00113704 /* onion_client.c in Sources */ = {isa = PBXBuildFile; fileRef = AEF9D8C02F9F3F6A00113704 /* onion_client.c */; };
		AEF9D8F12F9F3F6A00113704 /* onion_client.h in Headers */ = {isa = PBXBuildFile; fileRef = AEF9D8C12F9F3F6A00113704 /* onion_client.h */; settings = {ATTRIBUTES = (Public, ); }; };
		AEF9D8F22F9F3F6A00113704 /* onion.c in Sources */ = {isa = PBXBuildFile; fileRef = AEF9D8C22F9F3F6A00113704 /* onion.c */; };
		AEF9D8F32F9F3F6A00113704 /* onion.h in Headers */ = {isa = PBXBuildFile; fileRef = AEF9D8C32F9F3F6A00113704 /* onion.h */; settings = {ATTRIBUTES = (Public, ); }; };
		AEF9D8F42F9F3F6A00113704 /* ping_array.c in Sources */ = {isa = PBXBuildFile; fileRef = AEF9D8C42F9F3F6A00113704 /* ping_array.c */; };
		AEF9D8F52F9F3F6A00113704 /* ping_array.h in Headers */ = {isa = PBXBuildFile; fileRef = AEF9D8C52F9F3F6A00113704 /* ping_array.h */; settings = {ATTRIBUTES = (Public, ); }; };
		AEF9D8F62F9F3F6A00113704 /* ping.c in Sources */ = {isa = PBXBuildFile; fileRef = AEF9D8C62F9F3F6A00113704 /* ping.c */; };
		AEF9D8F72F9F3F6A00113704 /* ping.h in Headers */ = {isa = PBXBuildFile; fileRef = AEF9D8C72F9F3F6A00113704 /* ping.h */; settings = {ATTRIBUTES = (Public, ); }; };
		AEF9D8F82F9F3F6A00113704 /* TCP_client.c in Sources */ = {isa = PBXBuildFile; fileRef = AEF9D8C82F9F3F6A00113704 /* TCP_client.c */; };
		AEF9D8F92F9F3F6A00113704 /* TCP_client.h in Headers */ = {isa = PBXBuildFile; fileRef = AEF9D8C92F9F3F6A00113704 /* TCP_client.h */; settings = {ATTRIBUTES = (Public, ); }; };
		AEF9D8FA2F9F3F6A00113704 /* TCP_connection.c in Sources */ = {isa = PBXBuildFile; fileRef = AEF9D8CA2F9F3F6A00113704 /* TCP_connection.c */; };
		AEF9D8FB2F9F3F6A00113704 /* TCP_connection.h in Headers */ = {isa = PBXBuildFile; fileRef = AEF9D8CB2F9F3F6A00113704 /* TCP_connection.h */; settings = {ATTRIBUTES = (Public, ); }; };
		AEF9D8FC2F9F3F6A00113704 /* TCP_server.c in Sources */ = {isa = PBXBuildFile; fileRef = AEF9D8CC2F9F3F6A00113704 /* TCP_server.c */; };
		AEF9D8FD2F9F3F6A00113704 /* TCP_server.h in Headers */ = {isa = PBXBuildFile; fileRef = AEF9D8CD2F9F3F6A00113704 /* TCP_server.h */; settings = {ATTRIBUTES = (Public, ); }; };
		AEF9D8FE2F9F3F6A00113704 /* tox_old_code.h in Headers */ = {isa = PBXBuildFile; fileRef = AEF9D8CE2F9F3F6A00113704 /* tox_old_code.h */; settings = {ATTRIBUTES = (Public, ); }; };
		AEF9D8FF2F9F3F6A00113704 /* tox_old.h in Headers */ = {isa = PBXBuildFile; fileRef = AEF9D8CF2F9F3F6A00113704 /* tox_old.h */; settings = {ATTRIBUTES = (Public, ); }; };
		AEF9D9002F9F3F6A00113704 /* tox.c in Sources */ = {isa = PBXBuildFile; fileRef = AEF9D8D02F9F3F6A00113704 /* tox.c */; };
		AEF9D9012F9F3F6A00113704 /* tox.h in Headers */ = {isa = PBXBuildFile; fileRef = AEF9D8D12F9F3F6A00113704 /* tox.h */; settings = {ATTRIBUTES = (Public, ); }; };
		AEF9D9022F9F3F6A00113704 /* util.c in Sources */ = {isa = PBXBuildFile; fileRef = AEF9D8D22F9F3F6A00113704 /* util.c */; };
		AEF9D9032F9F3F6A00113704 /* util.h in Headers */ = {isa = PBXBuildFile; fileRef = AEF9D8D32F9F3F6A00113704 /* util.h */; settings = {ATTRIBUTES = (Public, ); }; };
		B9DABB3818E539A100B2A6B2 /* Foundation.framework in Frameworks */ = {isa = PBXBuildFile; fileRef = B9DABB3718E539A100B2A6B2 /* Foundation.framework */; };
		B9DABE9D18E53EDA00B2A6B2 /* libsodium.a in Frameworks */ = {isa = PBXBuildFile; fileRef = B9DABE9918E53D1D00B2A6B2 /* libsodium.a */; };
/* End PBXBuildFile section */

/* Begin PBXContainerItemProxy section */
		B9DABE9818E53D1D00B2A6B2 /* PBXContainerItemProxy */ = {
			isa = PBXContainerItemProxy;
			containerPortal = B9DABE9418E53D1D00B2A6B2 /* sodium.xcodeproj */;
			proxyType = 2;
			remoteGlobalIDString = B9DABC1B18E53B7300B2A6B2;
			remoteInfo = sodium;
		};
		B9DABE9A18E53E0700B2A6B2 /* PBXContainerItemProxy */ = {
			isa = PBXContainerItemProxy;
			containerPortal = B9DABE9418E53D1D00B2A6B2 /* sodium.xcodeproj */;
			proxyType = 1;
			remoteGlobalIDString = B9DABC1A18E53B7300B2A6B2;
			remoteInfo = sodium;
		};
/* End PBXContainerItemProxy section */

/* Begin PBXCopyFilesBuildPhase section */
		B9DABB3218E539A100B2A6B2 /* CopyFiles */ = {
			isa = PBXCopyFilesBuildPhase;
			buildActionMask = 2147483647;
			dstPath = "include/$(PRODUCT_NAME)";
			dstSubfolderSpec = 16;
			files = (
			);
			runOnlyForDeploymentPostprocessing = 0;
		};
/* End PBXCopyFilesBuildPhase section */

/* Begin PBXFileReference section */
		AEF9D8A42F9F3F6A00113704 /* assoc.c */ = {isa = PBXFileReference; fileEncoding = 4; lastKnownFileType = sourcecode.c.c; path = assoc.c; sourceTree = "<group>"; };
		AEF9D8A52F9F3F6A00113704 /* assoc.h */ = {isa = PBXFileReference; fileEncoding = 4; lastKnownFileType = sourcecode.c.h; path = assoc.h; sourceTree = "<group>"; };
		AEF9D8A62F9F3F6A00113704 /* crypto_core.c */ = {isa = PBXFileReference; fileEncoding = 4; lastKnownFileType = sourcecode.c.c; path = crypto_core.c; sourceTree = "<group>"; };
		AEF9D8A72F9F3F6A00113704 /* crypto_core.h */ = {isa = PBXFileReference; fileEncoding = 4; lastKnownFileType = sourcecode.c.h; path = crypto_core.h; sourceTree = "<group>"; };
		AEF9D8A82F9F3F6A00113704 /* DHT.c */ = {isa = PBXFileReference; fileEncoding = 4; lastKnownFileType = sourcecode.c.c; path = DHT.c; sourceTree = "<group>"; };
		AEF9D8A92F9F3F6A00113704 /* DHT.h */ = {isa = PBXFileReference; fileEncoding = 4; lastKnownFileType = sourcecode.c.h; path = DHT.h; sourceTree = "<group>"; };
		AEF9D8AA2F9F3F6A00113704 /* friend_connection.c */ = {isa = PBXFileReference; fileEncoding = 4; lastKnownFileType = sourcecode.c.c; path = friend_connection.c; sourceTree = "<group>"; };
		AEF9D8AB2F9F3F6A00113704 /* friend_connection.h */ = {isa = PBXFileReference; fileEncoding = 4; lastKnownFileType = sourcecode.c.h; path = friend_connection.h; sourceTree = "<group>"; };
		AEF9D8AC2F9F3F6A00113704 /* friend_requests.c */ = {isa = PBXFileReference; fileEncoding = 4; lastKnownFileType = sourcecode.c.c; path = friend_requests.c; sourceTree = "<group>"; };
		AEF9D8AD2F9F3F6A00113704 /* friend_requests.h */ = {isa = PBXFileReference; fileEncoding = 4; lastKnownFileType = sourcecode.c.h; path = friend_requests.h; sourceTree = "<group>"; };
		AEF9D8AE2F9F3F6A00113704 /* group.c */ = {isa = PBXFileReference; fileEncoding = 4; lastKnownFileType = sourcecode.c.c; path = group.c; sourceTree = "<group>"; };
		AEF9D8AF2F9F3F6A00113704 /* group.h */ = {isa = PBXFileReference; fileEncoding = 4; lastKnownFileType = sourcecode.c.h; path = group.h; sourceTree = "<group>"; };
		AEF9D8B02F9F3F6A00113704 /* LAN_discovery.c */ = {isa = PBXFileReference; fileEncoding = 4; lastKnownFileType = sourcecode.c.c; path = LAN_discovery.c; sourceTree = "<group>"; };
		AEF9D8B12F9F3F6A00113704 /* LAN_discovery.h */ = {isa = PBXFileReference; fileEncoding = 4; lastKnownFileType = sourcecode.c.h; path = LAN_discovery.h; sourceTree = "<group>"; };
		AEF9D8B22F9F3F6A00113704 /* list.c */ = {isa = PBXFileReference; fileEncoding = 4; lastKnownFileType = sourcecode.c.c; path = list.c; sourceTree = "<group>"; };
		AEF9D8B32F9F3F6A00113704 /* list.h */ = {isa = PBXFileReference; fileEncoding = 4; lastKnownFileType = sourcecode.c.h; path = list.h; sourceTree = "<group>"; };
		AEF9D8B42F9F3F6A00113704 /* logger.c */ = {isa = PBXFileReference; fileEncoding = 4; lastKnownFileType = sourcecode.c.c; path = logger.c; sourceTree = "<group>"; };
		AEF9D8B52F9F3F6A00113704 /* logger.h */ = {isa = PBXFileReference; fileEncoding = 4; lastKnownFileType = sourcecode.c.h; path = logger.h; sourceTree = "<group>"; };
		AEF9D8B62F9F3F6A00113704 /* Makefile.inc */ = {isa = PBXFileReference; fileEncoding = 4; lastKnownFileType = sourcecode.pascal; path = Makefile.inc; sourceTree = "<group>"; };
		AEF9D8B72F9F3F6A00113704 /* Messenger.c */ = {isa = PBXFileReference; fileEncoding = 4; lastKnownFileType = sourcecode.c.c; path = Messenger.c; sourceTree = "<group>"; };
		AEF9D8B82F9F3F6A00113704 /* Messenger.h */ = {isa = PBXFileReference; fileEncoding = 4; lastKnownFileType = sourcecode.c.h; path = Messenger.h; sourceTree = "<group>"; };
		AEF9D8B92F9F3F6A00113704 /* misc_tools.h */ = {isa = PBXFileReference; fileEncoding = 4; lastKnownFileType = sourcecode.c.h; path = misc_tools.h; sourceTree = "<group>"; };
		AEF9D8BA2F9F3F6A00113704 /* net_crypto.c */ = {isa = PBXFileReference; fileEncoding = 4; lastKnownFileType = sourcecode.c.c; path = net_crypto.c; sourceTree = "<group>"; };
		AEF9D8BB2F9F3F6A00113704 /* net_crypto.h */ = {isa = PBXFileReference; fileEncoding = 4; lastKnownFileType = sourcecode.c.h; path = net_crypto.h; sourceTree = "<group>"; };
		AEF9D8BC2F9F3F6A00113704 /* network.c */ = {isa = PBXFileReference; fileEncoding = 4; lastKnownFileType = sourcecode.c.c; path = network.c; sourceTree = "<group>"; };
		AEF9D8BD2F9F3F6A00113704 /* network.h */ = {isa = PBXFileReference; fileEncoding = 4; lastKnownFileType = sourcecode.c.h; path = network.h; sourceTree = "<group>"; };
		AEF9D8BE2F9F3F6A00113704 /* onion_announce.c */ = {isa = PBXFileReference; fileEncoding = 4; lastKnownFileType = sourcecode.c.c; path = onion_announce.c; sourceTree = "<group>"; };
		AEF9D8BF2F9F3F6A00113704 /* onion_announce.h */ = {isa = PBXFileReference; fileEncoding = 4; lastKnownFileType = sourcecode.c.h; path = onion_announce.h; sourceTree = "<group>"; };
		AEF9D8C02F9F3F6A00113704 /* onion_client.c */ = {isa = PBXFileReference; fileEncoding = 4; lastKnownFileType = sourcecode.c.c; path = onion_client.c; sourceTree = "<group>"; };
		AEF9D8C12F9F3F6A00113704 /* onion_client.h */ = {isa = PBXFileReference; fileEncoding = 4; lastKnownFileType = sourcecode.c.h; path = onion_client.h; sourceTree = "<group>"; };
		AEF9D8C22F9F3F6A00113704 /* onion.c */ = {isa = PBXFileReference; fileEncoding = 4; lastKnownFileType = sourcecode.c.c; path = onion.c; sourceTree = "<group>"; };
		AEF9D8C32F9F3F6A00113704 /* onion.h */ = {isa = PBXFileReference; fileEncoding = 4; lastKnownFileType = sourcecode.c.h; path = onion.h; sourceTree = "<group>"; };
		AEF9D8C42F9F3F6A00113704 /* ping_array.c */ = {isa = PBXFileReference; fileEncoding = 4; lastKnownFileType = sourcecode.c.c; path = ping_array.c; sourceTree = "<group>"; };
		AEF9D8C52F9F3F6A00113704 /* ping_array.h */ = {isa = PBXFileReference; fileEncoding = 4; lastKnownFileType = sourcecode.c.h; path = ping_array.h; sourceTree = "<group>"; };
		AEF9D8C62F9F3F6A00113704 /* ping.c */ = {isa = PBXFileReference; fileEncoding = 4; lastKnownFileType = sourcecode.c.c; path = ping.c; sourceTree = "<group>"; };
		AEF9D8C72F9F3F6A00113704 /* ping.h */ = {isa = PBXFileReference; fileEncoding = 4; lastKnownFileType = sourcecode.c.h; path = ping.h; sourceTree = "<group>"; };
		AEF9D8C82F9F3F6A00113704 /* TCP_client.c */ = {isa = PBXFileReference; fileEncoding = 4; lastKnownFileType = sourcecode.c.c; path = TCP_client.c; sourceTree = "<group>"; };
		AEF9D8C92F9F3F6A00113704 /* TCP_client.h */ = {isa = PBXFileReference; fileEncoding = 4; lastKnownFileType = sourcecode.c.h; path = TCP_client.h; sourceTree = "<group>"; };
		AEF9D8CA2F9F3F6A00113704 /* TCP_connection.c */ = {isa = PBXFileReference; fileEncoding = 4; lastKnownFileType = sourcecode.c.c; path = TCP_connection.c; sourceTree = "<group>"; };
		AEF9D8CB2F9F3F6A00113704 /* TCP_connection.h */ = {isa = PBXFileReference; fileEncoding = 4; lastKnownFileType = sourcecode.c.h; path = TCP_connection.h; sourceTree = "<group>"; };
		AEF9D8CC2F9F3F6A00113704 /* TCP_server.c */ = {isa = PBXFileReference; fileEncoding = 4; lastKnownFileType = sourcecode.c.c; path = TCP_server.c; sourceTree = "<group>"; };
		AEF9D8CD2F9F3F6A00113704 /* TCP_server.h */ = {isa = PBXFileReference; fileEncoding = 4; lastKnownFileType = sourcecode.c.h; path = TCP_server.h; sourceTree = "<group>"; };
		AEF9D8CE2F9F3F6A00113704 /* tox_old_code.h */ = {isa = PBXFileReference; fileEncoding = 4; lastKnownFileType = sourcecode.c.h; path = tox_old_code.h; sourceTree = "<group>"; };
		AEF9D8CF2F9F3F6A00113704 /* tox_old.h */ = {isa = PBXFileReference; fileEncoding = 4; lastKnownFileType = sourcecode.c.h; path = tox_old.h; sourceTree = "<group>"; };
		AEF9D8D02F9F3F6A00113704 /* tox.c */ = {isa = PBXFileReference; fileEncoding = 4; lastKnownFileType = sourcecode.c.c; path = tox.c; sourceTree = "<group>"; };
		AEF9D8D12F9F3F6A00113704 /* tox.h */ = {isa = PBXFileReference; fileEncoding = 4; lastKnownFileType = sourcecode.c.h; path = tox.h; sourceTree = "<group>"; };
		AEF9D8D22F9F3F6A00113704 /* util.c */ = {isa = PBXFileReference; fileEncoding = 4; lastKnownFileType = sourcecode.c.c; path = util.c; sourceTree = "<group>"; };
		AEF9D8D32F9F3F6A00113704 /* util.h */ = {isa = PBXFileReference; fileEncoding = 4; lastKnownFileType = sourcecode.c.h; path = util.h; sourceTree = "<group>"; };
		B9DABB3418E539A100B2A6B2 /* libProjectTox-Core.a */ = {isa = PBXFileReference; explicitFileType = archive.ar; includeInIndex = 0; path = "libProjectTox-Core.a"; sourceTree = BUILT_PRODUCTS_DIR; };
		B9DABB3718E539A100B2A6B2 /* Foundation.framework */ = {isa = PBXFileReference; lastKnownFileType = wrapper.framework; name = Foundation.framework; path = System/Library/Frameworks/Foundation.framework; sourceTree = SDKROOT; };
		B9DABB4518E539A100B2A6B2 /* XCTest.framework */ = {isa = PBXFileReference; lastKnownFileType = wrapper.framework; name = XCTest.framework; path = Library/Frameworks/XCTest.framework; sourceTree = DEVELOPER_DIR; };
		B9DABB4818E539A100B2A6B2 /* UIKit.framework */ = {isa = PBXFileReference; lastKnownFileType = wrapper.framework; name = UIKit.framework; path = Library/Frameworks/UIKit.framework; sourceTree = DEVELOPER_DIR; };
		B9DABB5D18E53A0B00B2A6B2 /* ProjectTox-Core-Prefix.pch */ = {isa = PBXFileReference; fileEncoding = 4; lastKnownFileType = sourcecode.c.h; path = "ProjectTox-Core-Prefix.pch"; sourceTree = "<group>"; };
		B9DABE9418E53D1D00B2A6B2 /* sodium.xcodeproj */ = {isa = PBXFileReference; lastKnownFileType = "wrapper.pb-project"; name = sodium.xcodeproj; path = sodium/sodium.xcodeproj; sourceTree = "<group>"; };
/* End PBXFileReference section */

/* Begin PBXFrameworksBuildPhase section */
		B9DABB3118E539A100B2A6B2 /* Frameworks */ = {
			isa = PBXFrameworksBuildPhase;
			buildActionMask = 2147483647;
			files = (
				B9DABE9D18E53EDA00B2A6B2 /* libsodium.a in Frameworks */,
				B9DABB3818E539A100B2A6B2 /* Foundation.framework in Frameworks */,
			);
			runOnlyForDeploymentPostprocessing = 0;
		};
/* End PBXFrameworksBuildPhase section */

/* Begin PBXGroup section */
		B9DABB2B18E539A100B2A6B2 = {
			isa = PBXGroup;
			children = (
				B9DABE9418E53D1D00B2A6B2 /* sodium.xcodeproj */,
				B9DABB5E18E53B3600B2A6B2 /* ProjectTox-Core */,
				B9DABB5D18E53A0B00B2A6B2 /* ProjectTox-Core-Prefix.pch */,
				B9DABB3618E539A100B2A6B2 /* Frameworks */,
				B9DABB3518E539A100B2A6B2 /* Products */,
			);
			sourceTree = "<group>";
		};
		B9DABB3518E539A100B2A6B2 /* Products */ = {
			isa = PBXGroup;
			children = (
				B9DABB3418E539A100B2A6B2 /* libProjectTox-Core.a */,
			);
			name = Products;
			sourceTree = "<group>";
		};
		B9DABB3618E539A100B2A6B2 /* Frameworks */ = {
			isa = PBXGroup;
			children = (
				B9DABB3718E539A100B2A6B2 /* Foundation.framework */,
				B9DABB4518E539A100B2A6B2 /* XCTest.framework */,
				B9DABB4818E539A100B2A6B2 /* UIKit.framework */,
			);
			name = Frameworks;
			sourceTree = "<group>";
		};
		B9DABB5E18E53B3600B2A6B2 /* ProjectTox-Core */ = {
			isa = PBXGroup;
			children = (
				B9DABBBD18E53B3600B2A6B2 /* toxcore */,
			);
			path = "ProjectTox-Core";
			sourceTree = "<group>";
		};
		B9DABBBD18E53B3600B2A6B2 /* toxcore */ = {
			isa = PBXGroup;
			children = (
				AEF9D8A42F9F3F6A00113704 /* assoc.c */,
				AEF9D8A52F9F3F6A00113704 /* assoc.h */,
				AEF9D8A62F9F3F6A00113704 /* crypto_core.c */,
				AEF9D8A72F9F3F6A00113704 /* crypto_core.h */,
				AEF9D8A82F9F3F6A00113704 /* DHT.c */,
				AEF9D8A92F9F3F6A00113704 /* DHT.h */,
				AEF9D8AA2F9F3F6A00113704 /* friend_connection.c */,
				AEF9D8AB2F9F3F6A00113704 /* friend_connection.h */,
				AEF9D8AC2F9F3F6A00113704 /* friend_requests.c */,
				AEF9D8AD2F9F3F6A00113704 /* friend_requests.h */,
				AEF9D8AE2F9F3F6A00113704 /* group.c */,
				AEF9D8AF2F9F3F6A00113704 /* group.h */,
				AEF9D8B02F9F3F6A00113704 /* LAN_discovery.c */,
				AEF9D8B12F9F3F6A00113704 /* LAN_discovery.h */,
				AEF9D8B22F9F3F6A00113704 /* list.c */,
				AEF9D8B32F9F3F6A00113704 /* list.h */,
				AEF9D8B42F9F3F6A00113704 /* logger.c */,
				AEF9D8B52F9F3F6A00113704 /* logger.h */,
				AEF9D8B62F9F3F6A00113704 /* Makefile.inc */,
				AEF9D8B72F9F3F6A00113704 /* Messenger.c */,
				AEF9D8B82F9F3F6A00113704 /* Messenger.h */,
				AEF9D8B92F9F3F6A00113704 /* misc_tools.h */,
				AEF9D8BA2F9F3F6A00113704 /* net_crypto.c */,
				AEF9D8BB2F9F3F6A00113704 /* net_crypto.h */,
				AEF9D8BC2F9F3F6A00113704 /* network.c */,
				AEF9D8BD2F9F3F6A00113704 /* network.h */,
				AEF9D8BE2F9F3F6A00113704 /* onion_announce.c */,
				AEF9D8BF2F9F3F6A00113704 /* onion_announce.h */,
				AEF9D8C02F9F3F6A00113704 /* onion_client.c */,
				AEF9D8C12F9F3F6A00113704 /* onion_client.h */,
				AEF9D8C22F9F3F6A00113704 /* onion.c */,
				AEF9D8C32F9F3F6A00113704 /* onion.h */,
				AEF9D8C42F9F3F6A00113704 /* ping_array.c */,
				AEF9D8C52F9F3F6A00113704 /* ping_array.h */,
				AEF9D8C62F9F3F6A00113704 /* ping.c */,
				AEF9D8C72F9F3F6A00113704 /* ping.h */,
				AEF9D8C82F9F3F6A00113704 /* TCP_client.c */,
				AEF9D8C92F9F3F6A00113704 /* TCP_client.h */,
				AEF9D8CA2F9F3F6A00113704 /* TCP_connection.c */,
				AEF9D8CB2F9F3F6A00113704 /* TCP_connection.h */,
				AEF9D8CC2F9F3F6A00113704 /* TCP_server.c */,
				AEF9D8CD2F9F3F6A00113704 /* TCP_server.h */,
				AEF9D8CE2F9F3F6A00113704 /* tox_old_code.h */,
				AEF9D8CF2F9F3F6A00113704 /* tox_old.h */,
				AEF9D8D02F9F3F6A00113704 /* tox.c */,
				AEF9D8D12F9F3F6A00113704 /* tox.h */,
				AEF9D8D22F9F3F6A00113704 /* util.c */,
				AEF9D8D32F9F3F6A00113704 /* util.h */,
			);
			path = toxcore;
			sourceTree = "<group>";
		};
		B9DABE9518E53D1D00B2A6B2 /* Products */ = {
			isa = PBXGroup;
			children = (
				B9DABE9918E53D1D00B2A6B2 /* libsodium.a */,
			);
			name = Products;
			sourceTree = "<group>";
		};
/* End PBXGroup section */

/* Begin PBXHeadersBuildPhase section */
		B9DABF4D18E543A900B2A6B2 /* Headers */ = {
			isa = PBXHeadersBuildPhase;
			buildActionMask = 2147483647;
			files = (
				AEF9D8F32F9F3F6A00113704 /* onion.h in Headers */,
				AEF9D8FF2F9F3F6A00113704 /* tox_old.h in Headers */,
				AEF9D8E32F9F3F6A00113704 /* list.h in Headers */,
				AEF9D8E12F9F3F6A00113704 /* LAN_discovery.h in Headers */,
				AEF9D8E52F9F3F6A00113704 /* logger.h in Headers */,
				AEF9D8FB2F9F3F6A00113704 /* TCP_connection.h in Headers */,
				AEF9D9012F9F3F6A00113704 /* tox.h in Headers */,
				AEF9D8DF2F9F3F6A00113704 /* group.h in Headers */,
				AEF9D8DD2F9F3F6A00113704 /* friend_requests.h in Headers */,
				AEF9D8ED2F9F3F6A00113704 /* network.h in Headers */,
				AEF9D8FD2F9F3F6A00113704 /* TCP_server.h in Headers */,
				AEF9D8FE2F9F3F6A00113704 /* tox_old_code.h in Headers */,
				AEF9D8DB2F9F3F6A00113704 /* friend_connection.h in Headers */,
				AEF9D8E82F9F3F6A00113704 /* Messenger.h in Headers */,
				AEF9D8E92F9F3F6A00113704 /* misc_tools.h in Headers */,
				AEF9D8F72F9F3F6A00113704 /* ping.h in Headers */,
				AEF9D8D92F9F3F6A00113704 /* DHT.h in Headers */,
				AEF9D8F92F9F3F6A00113704 /* TCP_client.h in Headers */,
				AEF9D8EB2F9F3F6A00113704 /* net_crypto.h in Headers */,
				AEF9D8EF2F9F3F6A00113704 /* onion_announce.h in Headers */,
				AEF9D9032F9F3F6A00113704 /* util.h in Headers */,
				AEF9D8D72F9F3F6A00113704 /* crypto_core.h in Headers */,
				AEF9D8D52F9F3F6A00113704 /* assoc.h in Headers */,
				AEF9D8F12F9F3F6A00113704 /* onion_client.h in Headers */,
				AEF9D8F52F9F3F6A00113704 /* ping_array.h in Headers */,
			);
			runOnlyForDeploymentPostprocessing = 0;
		};
/* End PBXHeadersBuildPhase section */

/* Begin PBXNativeTarget section */
		B9DABB3318E539A100B2A6B2 /* ProjectTox-Core */ = {
			isa = PBXNativeTarget;
			buildConfigurationList = B9DABB5718E539A100B2A6B2 /* Build configuration list for PBXNativeTarget "ProjectTox-Core" */;
			buildPhases = (
				B9DABB3018E539A100B2A6B2 /* Sources */,
				B9DABB3118E539A100B2A6B2 /* Frameworks */,
				B9DABB3218E539A100B2A6B2 /* CopyFiles */,
				B9DABF4D18E543A900B2A6B2 /* Headers */,
			);
			buildRules = (
			);
			dependencies = (
				B9DABE9B18E53E0700B2A6B2 /* PBXTargetDependency */,
			);
			name = "ProjectTox-Core";
			productName = "ProjectTox-Core";
			productReference = B9DABB3418E539A100B2A6B2 /* libProjectTox-Core.a */;
			productType = "com.apple.product-type.library.static";
		};
/* End PBXNativeTarget section */

/* Begin PBXProject section */
		B9DABB2C18E539A100B2A6B2 /* Project object */ = {
			isa = PBXProject;
			attributes = {
				LastUpgradeCheck = 0510;
				ORGANIZATIONNAME = james;
			};
			buildConfigurationList = B9DABB2F18E539A100B2A6B2 /* Build configuration list for PBXProject "ProjectTox-Core" */;
			compatibilityVersion = "Xcode 3.2";
			developmentRegion = English;
			hasScannedForEncodings = 0;
			knownRegions = (
				en,
			);
			mainGroup = B9DABB2B18E539A100B2A6B2;
			productRefGroup = B9DABB3518E539A100B2A6B2 /* Products */;
			projectDirPath = "";
			projectReferences = (
				{
					ProductGroup = B9DABE9518E53D1D00B2A6B2 /* Products */;
					ProjectRef = B9DABE9418E53D1D00B2A6B2 /* sodium.xcodeproj */;
				},
			);
			projectRoot = "";
			targets = (
				B9DABB3318E539A100B2A6B2 /* ProjectTox-Core */,
			);
		};
/* End PBXProject section */

/* Begin PBXReferenceProxy section */
		B9DABE9918E53D1D00B2A6B2 /* libsodium.a */ = {
			isa = PBXReferenceProxy;
			fileType = archive.ar;
			path = libsodium.a;
			remoteRef = B9DABE9818E53D1D00B2A6B2 /* PBXContainerItemProxy */;
			sourceTree = BUILT_PRODUCTS_DIR;
		};
/* End PBXReferenceProxy section */

/* Begin PBXSourcesBuildPhase section */
		B9DABB3018E539A100B2A6B2 /* Sources */ = {
			isa = PBXSourcesBuildPhase;
			buildActionMask = 2147483647;
			files = (
				AEF9D8DC2F9F3F6A00113704 /* friend_requests.c in Sources */,
				AEF9D8EC2F9F3F6A00113704 /* network.c in Sources */,
				AEF9D8D82F9F3F6A00113704 /* DHT.c in Sources */,
				AEF9D9022F9F3F6A00113704 /* util.c in Sources */,
				AEF9D8D42F9F3F6A00113704 /* assoc.c in Sources */,
				AEF9D8F02F9F3F6A00113704 /* onion_client.c in Sources */,
				AEF9D8E22F9F3F6A00113704 /* list.c in Sources */,
				AEF9D8E42F9F3F6A00113704 /* logger.c in Sources */,
				AEF9D8E72F9F3F6A00113704 /* Messenger.c in Sources */,
				AEF9D8DE2F9F3F6A00113704 /* group.c in Sources */,
				AEF9D8F82F9F3F6A00113704 /* TCP_client.c in Sources */,
				AEF9D8F62F9F3F6A00113704 /* ping.c in Sources */,
				AEF9D9002F9F3F6A00113704 /* tox.c in Sources */,
				AEF9D8EA2F9F3F6A00113704 /* net_crypto.c in Sources */,
				AEF9D8F22F9F3F6A00113704 /* onion.c in Sources */,
				AEF9D8EE2F9F3F6A00113704 /* onion_announce.c in Sources */,
				AEF9D8E02F9F3F6A00113704 /* LAN_discovery.c in Sources */,
				AEF9D8D62F9F3F6A00113704 /* crypto_core.c in Sources */,
				AEF9D8DA2F9F3F6A00113704 /* friend_connection.c in Sources */,
				AEF9D8F42F9F3F6A00113704 /* ping_array.c in Sources */,
				AEF9D8FC2F9F3F6A00113704 /* TCP_server.c in Sources */,
				AEF9D8FA2F9F3F6A00113704 /* TCP_connection.c in Sources */,
			);
			runOnlyForDeploymentPostprocessing = 0;
		};
/* End PBXSourcesBuildPhase section */

/* Begin PBXTargetDependency section */
		B9DABE9B18E53E0700B2A6B2 /* PBXTargetDependency */ = {
			isa = PBXTargetDependency;
			name = sodium;
			targetProxy = B9DABE9A18E53E0700B2A6B2 /* PBXContainerItemProxy */;
		};
/* End PBXTargetDependency section */

/* Begin XCBuildConfiguration section */
		B9DABB5518E539A100B2A6B2 /* Debug */ = {
			isa = XCBuildConfiguration;
			buildSettings = {
				ALWAYS_SEARCH_USER_PATHS = NO;
				CLANG_CXX_LANGUAGE_STANDARD = "gnu++0x";
				CLANG_CXX_LIBRARY = "libc++";
				CLANG_ENABLE_MODULES = YES;
				CLANG_ENABLE_OBJC_ARC = YES;
				CLANG_WARN_BOOL_CONVERSION = YES;
				CLANG_WARN_CONSTANT_CONVERSION = YES;
				CLANG_WARN_DIRECT_OBJC_ISA_USAGE = YES_ERROR;
				CLANG_WARN_EMPTY_BODY = YES;
				CLANG_WARN_ENUM_CONVERSION = YES;
				CLANG_WARN_INT_CONVERSION = YES;
				CLANG_WARN_OBJC_ROOT_CLASS = YES_ERROR;
				CLANG_WARN__DUPLICATE_METHOD_MATCH = YES;
				COPY_PHASE_STRIP = NO;
				GCC_C_LANGUAGE_STANDARD = gnu99;
				GCC_DYNAMIC_NO_PIC = NO;
				GCC_OPTIMIZATION_LEVEL = 0;
				GCC_PREPROCESSOR_DEFINITIONS = (
					"DEBUG=1",
					"$(inherited)",
				);
				GCC_SYMBOLS_PRIVATE_EXTERN = NO;
				GCC_WARN_64_TO_32_BIT_CONVERSION = YES;
				GCC_WARN_ABOUT_RETURN_TYPE = YES_ERROR;
				GCC_WARN_UNDECLARED_SELECTOR = YES;
				GCC_WARN_UNINITIALIZED_AUTOS = YES_AGGRESSIVE;
				GCC_WARN_UNUSED_FUNCTION = YES;
				GCC_WARN_UNUSED_VARIABLE = YES;
				IPHONEOS_DEPLOYMENT_TARGET = 7.1;
				ONLY_ACTIVE_ARCH = YES;
				SDKROOT = iphoneos;
			};
			name = Debug;
		};
		B9DABB5618E539A100B2A6B2 /* Release */ = {
			isa = XCBuildConfiguration;
			buildSettings = {
				ALWAYS_SEARCH_USER_PATHS = NO;
				CLANG_CXX_LANGUAGE_STANDARD = "gnu++0x";
				CLANG_CXX_LIBRARY = "libc++";
				CLANG_ENABLE_MODULES = YES;
				CLANG_ENABLE_OBJC_ARC = YES;
				CLANG_WARN_BOOL_CONVERSION = YES;
				CLANG_WARN_CONSTANT_CONVERSION = YES;
				CLANG_WARN_DIRECT_OBJC_ISA_USAGE = YES_ERROR;
				CLANG_WARN_EMPTY_BODY = YES;
				CLANG_WARN_ENUM_CONVERSION = YES;
				CLANG_WARN_INT_CONVERSION = YES;
				CLANG_WARN_OBJC_ROOT_CLASS = YES_ERROR;
				CLANG_WARN__DUPLICATE_METHOD_MATCH = YES;
				COPY_PHASE_STRIP = YES;
				ENABLE_NS_ASSERTIONS = NO;
				GCC_C_LANGUAGE_STANDARD = gnu99;
				GCC_WARN_64_TO_32_BIT_CONVERSION = YES;
				GCC_WARN_ABOUT_RETURN_TYPE = YES_ERROR;
				GCC_WARN_UNDECLARED_SELECTOR = YES;
				GCC_WARN_UNINITIALIZED_AUTOS = YES_AGGRESSIVE;
				GCC_WARN_UNUSED_FUNCTION = YES;
				GCC_WARN_UNUSED_VARIABLE = YES;
				IPHONEOS_DEPLOYMENT_TARGET = 7.1;
				SDKROOT = iphoneos;
				VALIDATE_PRODUCT = YES;
			};
			name = Release;
		};
		B9DABB5818E539A100B2A6B2 /* Debug */ = {
			isa = XCBuildConfiguration;
			buildSettings = {
				DSTROOT = /tmp/ProjectTox_Core.dst;
				GCC_C_LANGUAGE_STANDARD = c11;
				GCC_PRECOMPILE_PREFIX_HEADER = YES;
				GCC_PREFIX_HEADER = "ProjectTox-Core-Prefix.pch";
				GCC_WARN_64_TO_32_BIT_CONVERSION = NO;
				HEADER_SEARCH_PATHS = (
					"$(inherited)",
					/Applications/Xcode.app/Contents/Developer/Toolchains/XcodeDefault.xctoolchain/usr/include,
					"$(TARGET_BUILD_DIR)/usr/local/include",
					"$(BUILT_PRODUCTS_DIR)/usr/local/include",
				);
				OTHER_LDFLAGS = "-ObjC";
				PRODUCT_NAME = "$(TARGET_NAME)";
				SKIP_INSTALL = YES;
				USER_HEADER_SEARCH_PATHS = "\"$(BUILD_ROOT)/../IntermediateBuildFilesPath/UninstalledProducts\"";
			};
			name = Debug;
		};
		B9DABB5918E539A100B2A6B2 /* Release */ = {
			isa = XCBuildConfiguration;
			buildSettings = {
				DSTROOT = /tmp/ProjectTox_Core.dst;
				GCC_C_LANGUAGE_STANDARD = c11;
				GCC_PRECOMPILE_PREFIX_HEADER = YES;
				GCC_PREFIX_HEADER = "ProjectTox-Core-Prefix.pch";
				GCC_WARN_64_TO_32_BIT_CONVERSION = NO;
				HEADER_SEARCH_PATHS = (
					"$(inherited)",
					/Applications/Xcode.app/Contents/Developer/Toolchains/XcodeDefault.xctoolchain/usr/include,
					"$(TARGET_BUILD_DIR)/usr/local/include",
					"$(BUILT_PRODUCTS_DIR)/usr/local/include",
				);
				OTHER_LDFLAGS = "-ObjC";
				PRODUCT_NAME = "$(TARGET_NAME)";
				SKIP_INSTALL = YES;
				USER_HEADER_SEARCH_PATHS = "\"$(BUILD_ROOT)/../IntermediateBuildFilesPath/UninstalledProducts\"";
			};
			name = Release;
		};
/* End XCBuildConfiguration section */

/* Begin XCConfigurationList section */
		B9DABB2F18E539A100B2A6B2 /* Build configuration list for PBXProject "ProjectTox-Core" */ = {
			isa = XCConfigurationList;
			buildConfigurations = (
				B9DABB5518E539A100B2A6B2 /* Debug */,
				B9DABB5618E539A100B2A6B2 /* Release */,
			);
			defaultConfigurationIsVisible = 0;
			defaultConfigurationName = Release;
		};
		B9DABB5718E539A100B2A6B2 /* Build configuration list for PBXNativeTarget "ProjectTox-Core" */ = {
			isa = XCConfigurationList;
			buildConfigurations = (
				B9DABB5818E539A100B2A6B2 /* Debug */,
				B9DABB5918E539A100B2A6B2 /* Release */,
			);
			defaultConfigurationIsVisible = 0;
			defaultConfigurationName = Release;
		};
/* End XCConfigurationList section */
	};
	rootObject = B9DABB2C18E539A100B2A6B2 /* Project object */;
}
